// !$*UTF8*$!
{
	archiveVersion = 1;
	classes = {
	};
	objectVersion = 50;
	objects = {

/* Begin PBXBuildFile section */
		913376CB21CD6F7D00A67D69 /* AppDelegate.swift in Sources */ = {isa = PBXBuildFile; fileRef = 913376CA21CD6F7D00A67D69 /* AppDelegate.swift */; };
		913376CD21CD6F7D00A67D69 /* ViewController.swift in Sources */ = {isa = PBXBuildFile; fileRef = 913376CC21CD6F7D00A67D69 /* ViewController.swift */; };
		913376D021CD6F7D00A67D69 /* Main.storyboard in Resources */ = {isa = PBXBuildFile; fileRef = 913376CE21CD6F7D00A67D69 /* Main.storyboard */; };
		913376D221CD6F7F00A67D69 /* Assets.xcassets in Resources */ = {isa = PBXBuildFile; fileRef = 913376D121CD6F7F00A67D69 /* Assets.xcassets */; };
		913376D521CD6F7F00A67D69 /* LaunchScreen.storyboard in Resources */ = {isa = PBXBuildFile; fileRef = 913376D321CD6F7F00A67D69 /* LaunchScreen.storyboard */; };
		913376E021CD6F8000A67D69 /* Hello_WorldTests.swift in Sources */ = {isa = PBXBuildFile; fileRef = 913376DF21CD6F8000A67D69 /* Hello_WorldTests.swift */; };
		913376EB21CD6F8000A67D69 /* Hello_WorldUITests.swift in Sources */ = {isa = PBXBuildFile; fileRef = 913376EA21CD6F8000A67D69 /* Hello_WorldUITests.swift */; };
/* End PBXBuildFile section */

/* Begin PBXContainerItemProxy section */
		913376DC21CD6F8000A67D69 /* PBXContainerItemProxy */ = {
			isa = PBXContainerItemProxy;
			containerPortal = 913376BF21CD6F7D00A67D69 /* Project object */;
			proxyType = 1;
			remoteGlobalIDString = 913376C621CD6F7D00A67D69;
			remoteInfo = "Hello World";
		};
		913376E721CD6F8000A67D69 /* PBXContainerItemProxy */ = {
			isa = PBXContainerItemProxy;
			containerPortal = 913376BF21CD6F7D00A67D69 /* Project object */;
			proxyType = 1;
			remoteGlobalIDString = 913376C621CD6F7D00A67D69;
			remoteInfo = "Hello World";
		};
/* End PBXContainerItemProxy section */

/* Begin PBXFileReference section */
		913376C721CD6F7D00A67D69 /* Hello World.app */ = {isa = PBXFileReference; explicitFileType = wrapper.application; includeInIndex = 0; path = "Hello World.app"; sourceTree = BUILT_PRODUCTS_DIR; };
		913376CA21CD6F7D00A67D69 /* AppDelegate.swift */ = {isa = PBXFileReference; lastKnownFileType = sourcecode.swift; path = AppDelegate.swift; sourceTree = "<group>"; };
		913376CC21CD6F7D00A67D69 /* ViewController.swift */ = {isa = PBXFileReference; lastKnownFileType = sourcecode.swift; path = ViewController.swift; sourceTree = "<group>"; };
		913376CF21CD6F7D00A67D69 /* Base */ = {isa = PBXFileReference; lastKnownFileType = file.storyboard; name = Base; path = Base.lproj/Main.storyboard; sourceTree = "<group>"; };
		913376D121CD6F7F00A67D69 /* Assets.xcassets */ = {isa = PBXFileReference; lastKnownFileType = folder.assetcatalog; path = Assets.xcassets; sourceTree = "<group>"; };
		913376D421CD6F7F00A67D69 /* Base */ = {isa = PBXFileReference; lastKnownFileType = file.storyboard; name = Base; path = Base.lproj/LaunchScreen.storyboard; sourceTree = "<group>"; };
		913376D621CD6F7F00A67D69 /* Info.plist */ = {isa = PBXFileReference; lastKnownFileType = text.plist.xml; path = Info.plist; sourceTree = "<group>"; };
		913376DB21CD6F8000A67D69 /* Hello WorldTests.xctest */ = {isa = PBXFileReference; explicitFileType = wrapper.cfbundle; includeInIndex = 0; path = "Hello WorldTests.xctest"; sourceTree = BUILT_PRODUCTS_DIR; };
		913376DF21CD6F8000A67D69 /* Hello_WorldTests.swift */ = {isa = PBXFileReference; lastKnownFileType = sourcecode.swift; path = Hello_WorldTests.swift; sourceTree = "<group>"; };
		913376E121CD6F8000A67D69 /* Info.plist */ = {isa = PBXFileReference; lastKnownFileType = text.plist.xml; path = Info.plist; sourceTree = "<group>"; };
		913376E621CD6F8000A67D69 /* Hello WorldUITests.xctest */ = {isa = PBXFileReference; explicitFileType = wrapper.cfbundle; includeInIndex = 0; path = "Hello WorldUITests.xctest"; sourceTree = BUILT_PRODUCTS_DIR; };
		913376EA21CD6F8000A67D69 /* Hello_WorldUITests.swift */ = {isa = PBXFileReference; lastKnownFileType = sourcecode.swift; path = Hello_WorldUITests.swift; sourceTree = "<group>"; };
		913376EC21CD6F8000A67D69 /* Info.plist */ = {isa = PBXFileReference; lastKnownFileType = text.plist.xml; path = Info.plist; sourceTree = "<group>"; };
/* End PBXFileReference section */

/* Begin PBXFrameworksBuildPhase section */
		913376C421CD6F7D00A67D69 /* Frameworks */ = {
			isa = PBXFrameworksBuildPhase;
			buildActionMask = 2147483647;
			files = (
			);
			runOnlyForDeploymentPostprocessing = 0;
		};
		913376D821CD6F8000A67D69 /* Frameworks */ = {
			isa = PBXFrameworksBuildPhase;
			buildActionMask = 2147483647;
			files = (
			);
			runOnlyForDeploymentPostprocessing = 0;
		};
		913376E321CD6F8000A67D69 /* Frameworks */ = {
			isa = PBXFrameworksBuildPhase;
			buildActionMask = 2147483647;
			files = (
			);
			runOnlyForDeploymentPostprocessing = 0;
		};
/* End PBXFrameworksBuildPhase section */

/* Begin PBXGroup section */
		913376BE21CD6F7D00A67D69 = {
			isa = PBXGroup;
			children = (
				913376C921CD6F7D00A67D69 /* Hello World */,
				913376DE21CD6F8000A67D69 /* Hello WorldTests */,
				913376E921CD6F8000A67D69 /* Hello WorldUITests */,
				913376C821CD6F7D00A67D69 /* Products */,
			);
			sourceTree = "<group>";
		};
		913376C821CD6F7D00A67D69 /* Products */ = {
			isa = PBXGroup;
			children = (
				913376C721CD6F7D00A67D69 /* Hello World.app */,
				913376DB21CD6F8000A67D69 /* Hello WorldTests.xctest */,
				913376E621CD6F8000A67D69 /* Hello WorldUITests.xctest */,
			);
			name = Products;
			sourceTree = "<group>";
		};
		913376C921CD6F7D00A67D69 /* Hello World */ = {
			isa = PBXGroup;
			children = (
				913376CA21CD6F7D00A67D69 /* AppDelegate.swift */,
				913376CC21CD6F7D00A67D69 /* ViewController.swift */,
				913376CE21CD6F7D00A67D69 /* Main.storyboard */,
				913376D121CD6F7F00A67D69 /* Assets.xcassets */,
				913376D321CD6F7F00A67D69 /* LaunchScreen.storyboard */,
				913376D621CD6F7F00A67D69 /* Info.plist */,
			);
			path = "Hello World";
			sourceTree = "<group>";
		};
		913376DE21CD6F8000A67D69 /* Hello WorldTests */ = {
			isa = PBXGroup;
			children = (
				913376DF21CD6F8000A67D69 /* Hello_WorldTests.swift */,
				913376E121CD6F8000A67D69 /* Info.plist */,
			);
			path = "Hello WorldTests";
			sourceTree = "<group>";
		};
		913376E921CD6F8000A67D69 /* Hello WorldUITests */ = {
			isa = PBXGroup;
			children = (
				913376EA21CD6F8000A67D69 /* Hello_WorldUITests.swift */,
				913376EC21CD6F8000A67D69 /* Info.plist */,
			);
			path = "Hello WorldUITests";
			sourceTree = "<group>";
		};
/* End PBXGroup section */

/* Begin PBXNativeTarget section */
		913376C621CD6F7D00A67D69 /* Hello World */ = {
			isa = PBXNativeTarget;
			buildConfigurationList = 913376EF21CD6F8000A67D69 /* Build configuration list for PBXNativeTarget "Hello World" */;
			buildPhases = (
				913376C321CD6F7D00A67D69 /* Sources */,
				913376C421CD6F7D00A67D69 /* Frameworks */,
				913376C521CD6F7D00A67D69 /* Resources */,
			);
			buildRules = (
			);
			dependencies = (
			);
			name = "Hello World";
			productName = "Hello World";
			productReference = 913376C721CD6F7D00A67D69 /* Hello World.app */;
			productType = "com.apple.product-type.application";
		};
		913376DA21CD6F8000A67D69 /* Hello WorldTests */ = {
			isa = PBXNativeTarget;
			buildConfigurationList = 913376F221CD6F8000A67D69 /* Build configuration list for PBXNativeTarget "Hello WorldTests" */;
			buildPhases = (
				913376D721CD6F8000A67D69 /* Sources */,
				913376D821CD6F8000A67D69 /* Frameworks */,
				913376D921CD6F8000A67D69 /* Resources */,
			);
			buildRules = (
			);
			dependencies = (
				913376DD21CD6F8000A67D69 /* PBXTargetDependency */,
			);
			name = "Hello WorldTests";
			productName = "Hello WorldTests";
			productReference = 913376DB21CD6F8000A67D69 /* Hello WorldTests.xctest */;
			productType = "com.apple.product-type.bundle.unit-test";
		};
		913376E521CD6F8000A67D69 /* Hello WorldUITests */ = {
			isa = PBXNativeTarget;
			buildConfigurationList = 913376F521CD6F8000A67D69 /* Build configuration list for PBXNativeTarget "Hello WorldUITests" */;
			buildPhases = (
				913376E221CD6F8000A67D69 /* Sources */,
				913376E321CD6F8000A67D69 /* Frameworks */,
				913376E421CD6F8000A67D69 /* Resources */,
			);
			buildRules = (
			);
			dependencies = (
				913376E821CD6F8000A67D69 /* PBXTargetDependency */,
			);
			name = "Hello WorldUITests";
			productName = "Hello WorldUITests";
			productReference = 913376E621CD6F8000A67D69 /* Hello WorldUITests.xctest */;
			productType = "com.apple.product-type.bundle.ui-testing";
		};
/* End PBXNativeTarget section */

/* Begin PBXProject section */
		913376BF21CD6F7D00A67D69 /* Project object */ = {
			isa = PBXProject;
			attributes = {
				LastSwiftUpdateCheck = 1010;
				LastUpgradeCheck = 1010;
				ORGANIZATIONNAME = "Yusif Huseynov";
				TargetAttributes = {
					913376C621CD6F7D00A67D69 = {
						CreatedOnToolsVersion = 10.1;
					};
					913376DA21CD6F8000A67D69 = {
						CreatedOnToolsVersion = 10.1;
						TestTargetID = 913376C621CD6F7D00A67D69;
					};
					913376E521CD6F8000A67D69 = {
						CreatedOnToolsVersion = 10.1;
						TestTargetID = 913376C621CD6F7D00A67D69;
					};
				};
			};
			buildConfigurationList = 913376C221CD6F7D00A67D69 /* Build configuration list for PBXProject "Hello World" */;
			compatibilityVersion = "Xcode 9.3";
			developmentRegion = en;
			hasScannedForEncodings = 0;
			knownRegions = (
				en,
				Base,
			);
			mainGroup = 913376BE21CD6F7D00A67D69;
			productRefGroup = 913376C821CD6F7D00A67D69 /* Products */;
			projectDirPath = "";
			projectRoot = "";
			targets = (
				913376C621CD6F7D00A67D69 /* Hello World */,
				913376DA21CD6F8000A67D69 /* Hello WorldTests */,
				913376E521CD6F8000A67D69 /* Hello WorldUITests */,
			);
		};
/* End PBXProject section */

/* Begin PBXResourcesBuildPhase section */
		913376C521CD6F7D00A67D69 /* Resources */ = {
			isa = PBXResourcesBuildPhase;
			buildActionMask = 2147483647;
			files = (
				913376D521CD6F7F00A67D69 /* LaunchScreen.storyboard in Resources */,
				913376D221CD6F7F00A67D69 /* Assets.xcassets in Resources */,
				913376D021CD6F7D00A67D69 /* Main.storyboard in Resources */,
			);
			runOnlyForDeploymentPostprocessing = 0;
		};
		913376D921CD6F8000A67D69 /* Resources */ = {
			isa = PBXResourcesBuildPhase;
			buildActionMask = 2147483647;
			files = (
			);
			runOnlyForDeploymentPostprocessing = 0;
		};
		913376E421CD6F8000A67D69 /* Resources */ = {
			isa = PBXResourcesBuildPhase;
			buildActionMask = 2147483647;
			files = (
			);
			runOnlyForDeploymentPostprocessing = 0;
		};
/* End PBXResourcesBuildPhase section */

/* Begin PBXSourcesBuildPhase section */
		913376C321CD6F7D00A67D69 /* Sources */ = {
			isa = PBXSourcesBuildPhase;
			buildActionMask = 2147483647;
			files = (
				913376CD21CD6F7D00A67D69 /* ViewController.swift in Sources */,
				913376CB21CD6F7D00A67D69 /* AppDelegate.swift in Sources */,
			);
			runOnlyForDeploymentPostprocessing = 0;
		};
		913376D721CD6F8000A67D69 /* Sources */ = {
			isa = PBXSourcesBuildPhase;
			buildActionMask = 2147483647;
			files = (
				913376E021CD6F8000A67D69 /* Hello_WorldTests.swift in Sources */,
			);
			runOnlyForDeploymentPostprocessing = 0;
		};
		913376E221CD6F8000A67D69 /* Sources */ = {
			isa = PBXSourcesBuildPhase;
			buildActionMask = 2147483647;
			files = (
				913376EB21CD6F8000A67D69 /* Hello_WorldUITests.swift in Sources */,
			);
			runOnlyForDeploymentPostprocessing = 0;
		};
/* End PBXSourcesBuildPhase section */

/* Begin PBXTargetDependency section */
		913376DD21CD6F8000A67D69 /* PBXTargetDependency */ = {
			isa = PBXTargetDependency;
			target = 913376C621CD6F7D00A67D69 /* Hello World */;
			targetProxy = 913376DC21CD6F8000A67D69 /* PBXContainerItemProxy */;
		};
		913376E821CD6F8000A67D69 /* PBXTargetDependency */ = {
			isa = PBXTargetDependency;
			target = 913376C621CD6F7D00A67D69 /* Hello World */;
			targetProxy = 913376E721CD6F8000A67D69 /* PBXContainerItemProxy */;
		};
/* End PBXTargetDependency section */

/* Begin PBXVariantGroup section */
		913376CE21CD6F7D00A67D69 /* Main.storyboard */ = {
			isa = PBXVariantGroup;
			children = (
				913376CF21CD6F7D00A67D69 /* Base */,
			);
			name = Main.storyboard;
			sourceTree = "<group>";
		};
		913376D321CD6F7F00A67D69 /* LaunchScreen.storyboard */ = {
			isa = PBXVariantGroup;
			children = (
				913376D421CD6F7F00A67D69 /* Base */,
			);
			name = LaunchScreen.storyboard;
			sourceTree = "<group>";
		};
/* End PBXVariantGroup section */

/* Begin XCBuildConfiguration section */
		913376ED21CD6F8000A67D69 /* Debug */ = {
			isa = XCBuildConfiguration;
			buildSettings = {
				ALWAYS_SEARCH_USER_PATHS = NO;
				CLANG_ANALYZER_NONNULL = YES;
				CLANG_ANALYZER_NUMBER_OBJECT_CONVERSION = YES_AGGRESSIVE;
				CLANG_CXX_LANGUAGE_STANDARD = "gnu++14";
				CLANG_CXX_LIBRARY = "libc++";
				CLANG_ENABLE_MODULES = YES;
				CLANG_ENABLE_OBJC_ARC = YES;
				CLANG_ENABLE_OBJC_WEAK = YES;
				CLANG_WARN_BLOCK_CAPTURE_AUTORELEASING = YES;
				CLANG_WARN_BOOL_CONVERSION = YES;
				CLANG_WARN_COMMA = YES;
				CLANG_WARN_CONSTANT_CONVERSION = YES;
				CLANG_WARN_DEPRECATED_OBJC_IMPLEMENTATIONS = YES;
				CLANG_WARN_DIRECT_OBJC_ISA_USAGE = YES_ERROR;
				CLANG_WARN_DOCUMENTATION_COMMENTS = YES;
				CLANG_WARN_EMPTY_BODY = YES;
				CLANG_WARN_ENUM_CONVERSION = YES;
				CLANG_WARN_INFINITE_RECURSION = YES;
				CLANG_WARN_INT_CONVERSION = YES;
				CLANG_WARN_NON_LITERAL_NULL_CONVERSION = YES;
				CLANG_WARN_OBJC_IMPLICIT_RETAIN_SELF = YES;
				CLANG_WARN_OBJC_LITERAL_CONVERSION = YES;
				CLANG_WARN_OBJC_ROOT_CLASS = YES_ERROR;
				CLANG_WARN_RANGE_LOOP_ANALYSIS = YES;
				CLANG_WARN_STRICT_PROTOTYPES = YES;
				CLANG_WARN_SUSPICIOUS_MOVE = YES;
				CLANG_WARN_UNGUARDED_AVAILABILITY = YES_AGGRESSIVE;
				CLANG_WARN_UNREACHABLE_CODE = YES;
				CLANG_WARN__DUPLICATE_METHOD_MATCH = YES;
				CODE_SIGN_IDENTITY = "iPhone Developer";
				COPY_PHASE_STRIP = NO;
				DEBUG_INFORMATION_FORMAT = dwarf;
				ENABLE_STRICT_OBJC_MSGSEND = YES;
				ENABLE_TESTABILITY = YES;
				GCC_C_LANGUAGE_STANDARD = gnu11;
				GCC_DYNAMIC_NO_PIC = NO;
				GCC_NO_COMMON_BLOCKS = YES;
				GCC_OPTIMIZATION_LEVEL = 0;
				GCC_PREPROCESSOR_DEFINITIONS = (
					"DEBUG=1",
					"$(inherited)",
				);
				GCC_WARN_64_TO_32_BIT_CONVERSION = YES;
				GCC_WARN_ABOUT_RETURN_TYPE = YES_ERROR;
				GCC_WARN_UNDECLARED_SELECTOR = YES;
				GCC_WARN_UNINITIALIZED_AUTOS = YES_AGGRESSIVE;
				GCC_WARN_UNUSED_FUNCTION = YES;
				GCC_WARN_UNUSED_VARIABLE = YES;
				IPHONEOS_DEPLOYMENT_TARGET = 12.1;
				MTL_ENABLE_DEBUG_INFO = INCLUDE_SOURCE;
				MTL_FAST_MATH = YES;
				ONLY_ACTIVE_ARCH = YES;
				SDKROOT = iphoneos;
				SWIFT_ACTIVE_COMPILATION_CONDITIONS = DEBUG;
				SWIFT_OPTIMIZATION_LEVEL = "-Onone";
			};
			name = Debug;
		};
		913376EE21CD6F8000A67D69 /* Release */ = {
			isa = XCBuildConfiguration;
			buildSettings = {
				ALWAYS_SEARCH_USER_PATHS = NO;
				CLANG_ANALYZER_NONNULL = YES;
				CLANG_ANALYZER_NUMBER_OBJECT_CONVERSION = YES_AGGRESSIVE;
				CLANG_CXX_LANGUAGE_STANDARD = "gnu++14";
				CLANG_CXX_LIBRARY = "libc++";
				CLANG_ENABLE_MODULES = YES;
				CLANG_ENABLE_OBJC_ARC = YES;
				CLANG_ENABLE_OBJC_WEAK = YES;
				CLANG_WARN_BLOCK_CAPTURE_AUTORELEASING = YES;
				CLANG_WARN_BOOL_CONVERSION = YES;
				CLANG_WARN_COMMA = YES;
				CLANG_WARN_CONSTANT_CONVERSION = YES;
				CLANG_WARN_DEPRECATED_OBJC_IMPLEMENTATIONS = YES;
				CLANG_WARN_DIRECT_OBJC_ISA_USAGE = YES_ERROR;
				CLANG_WARN_DOCUMENTATION_COMMENTS = YES;
				CLANG_WARN_EMPTY_BODY = YES;
				CLANG_WARN_ENUM_CONVERSION = YES;
				CLANG_WARN_INFINITE_RECURSION = YES;
				CLANG_WARN_INT_CONVERSION = YES;
				CLANG_WARN_NON_LITERAL_NULL_CONVERSION = YES;
				CLANG_WARN_OBJC_IMPLICIT_RETAIN_SELF = YES;
				CLANG_WARN_OBJC_LITERAL_CONVERSION = YES;
				CLANG_WARN_OBJC_ROOT_CLASS = YES_ERROR;
				CLANG_WARN_RANGE_LOOP_ANALYSIS = YES;
				CLANG_WARN_STRICT_PROTOTYPES = YES;
				CLANG_WARN_SUSPICIOUS_MOVE = YES;
				CLANG_WARN_UNGUARDED_AVAILABILITY = YES_AGGRESSIVE;
				CLANG_WARN_UNREACHABLE_CODE = YES;
				CLANG_WARN__DUPLICATE_METHOD_MATCH = YES;
				CODE_SIGN_IDENTITY = "iPhone Developer";
				COPY_PHASE_STRIP = NO;
				DEBUG_INFORMATION_FORMAT = "dwarf-with-dsym";
				ENABLE_NS_ASSERTIONS = NO;
				ENABLE_STRICT_OBJC_MSGSEND = YES;
				GCC_C_LANGUAGE_STANDARD = gnu11;
				GCC_NO_COMMON_BLOCKS = YES;
				GCC_WARN_64_TO_32_BIT_CONVERSION = YES;
				GCC_WARN_ABOUT_RETURN_TYPE = YES_ERROR;
				GCC_WARN_UNDECLARED_SELECTOR = YES;
				GCC_WARN_UNINITIALIZED_AUTOS = YES_AGGRESSIVE;
				GCC_WARN_UNUSED_FUNCTION = YES;
				GCC_WARN_UNUSED_VARIABLE = YES;
				IPHONEOS_DEPLOYMENT_TARGET = 12.1;
				MTL_ENABLE_DEBUG_INFO = NO;
				MTL_FAST_MATH = YES;
				SDKROOT = iphoneos;
				SWIFT_COMPILATION_MODE = wholemodule;
				SWIFT_OPTIMIZATION_LEVEL = "-O";
				VALIDATE_PRODUCT = YES;
			};
			name = Release;
		};
		913376F021CD6F8000A67D69 /* Debug */ = {
			isa = XCBuildConfiguration;
			buildSettings = {
				ASSETCATALOG_COMPILER_APPICON_NAME = AppIcon;
				CODE_SIGN_STYLE = Automatic;
				INFOPLIST_FILE = "Hello World/Info.plist";
				LD_RUNPATH_SEARCH_PATHS = (
					"$(inherited)",
					"@executable_path/Frameworks",
				);
				PRODUCT_BUNDLE_IDENTIFIER = "com.yusifhuseynov.Hello-World";
				PRODUCT_NAME = "$(TARGET_NAME)";
				SWIFT_VERSION = 4.2;
				TARGETED_DEVICE_FAMILY = "1,2";
			};
			name = Debug;
		};
		913376F121CD6F8000A67D69 /* Release */ = {
			isa = XCBuildConfiguration;
			buildSettings = {
				ASSETCATALOG_COMPILER_APPICON_NAME = AppIcon;
				CODE_SIGN_STYLE = Automatic;
				INFOPLIST_FILE = "Hello World/Info.plist";
				LD_RUNPATH_SEARCH_PATHS = (
					"$(inherited)",
					"@executable_path/Frameworks",
				);
				PRODUCT_BUNDLE_IDENTIFIER = "com.yusifhuseynov.Hello-World";
				PRODUCT_NAME = "$(TARGET_NAME)";
				SWIFT_VERSION = 4.2;
				TARGETED_DEVICE_FAMILY = "1,2";
			};
			name = Release;
		};
		913376F321CD6F8000A67D69 /* Debug */ = {
			isa = XCBuildConfiguration;
			buildSettings = {
				ALWAYS_EMBED_SWIFT_STANDARD_LIBRARIES = YES;
				BUNDLE_LOADER = "$(TEST_HOST)";
				CODE_SIGN_STYLE = Automatic;
				INFOPLIST_FILE = "Hello WorldTests/Info.plist";
				LD_RUNPATH_SEARCH_PATHS = (
					"$(inherited)",
					"@executable_path/Frameworks",
					"@loader_path/Frameworks",
				);
				PRODUCT_BUNDLE_IDENTIFIER = "com.yusifhuseynov.Hello-WorldTests";
				PRODUCT_NAME = "$(TARGET_NAME)";
				SWIFT_VERSION = 4.2;
				TARGETED_DEVICE_FAMILY = "1,2";
				TEST_HOST = "$(BUILT_PRODUCTS_DIR)/Hello World.app/Hello World";
			};
			name = Debug;
		};
		913376F421CD6F8000A67D69 /* Release */ = {
			isa = XCBuildConfiguration;
			buildSettings = {
				ALWAYS_EMBED_SWIFT_STANDARD_LIBRARIES = YES;
				BUNDLE_LOADER = "$(TEST_HOST)";
				CODE_SIGN_STYLE = Automatic;
				INFOPLIST_FILE = "Hello WorldTests/Info.plist";
				LD_RUNPATH_SEARCH_PATHS = (
					"$(inherited)",
					"@executable_path/Frameworks",
					"@loader_path/Frameworks",
				);
				PRODUCT_BUNDLE_IDENTIFIER = "com.yusifhuseynov.Hello-WorldTests";
				PRODUCT_NAME = "$(TARGET_NAME)";
				SWIFT_VERSION = 4.2;
				TARGETED_DEVICE_FAMILY = "1,2";
				TEST_HOST = "$(BUILT_PRODUCTS_DIR)/Hello World.app/Hello World";
			};
			name = Release;
		};
		913376F621CD6F8000A67D69 /* Debug */ = {
			isa = XCBuildConfiguration;
			buildSettings = {
				ALWAYS_EMBED_SWIFT_STANDARD_LIBRARIES = YES;
				CODE_SIGN_STYLE = Automatic;
				INFOPLIST_FILE = "Hello WorldUITests/Info.plist";
				LD_RUNPATH_SEARCH_PATHS = (
					"$(inherited)",
					"@executable_path/Frameworks",
					"@loader_path/Frameworks",
				);
				PRODUCT_BUNDLE_IDENTIFIER = "com.yusifhuseynov.Hello-WorldUITests";
				PRODUCT_NAME = "$(TARGET_NAME)";
				SWIFT_VERSION = 4.2;
				TARGETED_DEVICE_FAMILY = "1,2";
				TEST_TARGET_NAME = "Hello World";
			};
			name = Debug;
		};
		913376F721CD6F8000A67D69 /* Release */ = {
			isa = XCBuildConfiguration;
			buildSettings = {
				ALWAYS_EMBED_SWIFT_STANDARD_LIBRARIES = YES;
				CODE_SIGN_STYLE = Automatic;
				INFOPLIST_FILE = "Hello WorldUITests/Info.plist";
				LD_RUNPATH_SEARCH_PATHS = (
					"$(inherited)",
					"@executable_path/Frameworks",
					"@loader_path/Frameworks",
				);
				PRODUCT_BUNDLE_IDENTIFIER = "com.yusifhuseynov.Hello-WorldUITests";
				PRODUCT_NAME = "$(TARGET_NAME)";
				SWIFT_VERSION = 4.2;
				TARGETED_DEVICE_FAMILY = "1,2";
				TEST_TARGET_NAME = "Hello World";
			};
			name = Release;
		};
/* End XCBuildConfiguration section */

/* Begin XCConfigurationList section */
		913376C221CD6F7D00A67D69 /* Build configuration list for PBXProject "Hello World" */ = {
			isa = XCConfigurationList;
			buildConfigurations = (
				913376ED21CD6F8000A67D69 /* Debug */,
				913376EE21CD6F8000A67D69 /* Release */,
			);
			defaultConfigurationIsVisible = 0;
			defaultConfigurationName = Release;
		};
		913376EF21CD6F8000A67D69 /* Build configuration list for PBXNativeTarget "Hello World" */ = {
			isa = XCConfigurationList;
			buildConfigurations = (
				913376F021CD6F8000A67D69 /* Debug */,
				913376F121CD6F8000A67D69 /* Release */,
			);
			defaultConfigurationIsVisible = 0;
			defaultConfigurationName = Release;
		};
		913376F221CD6F8000A67D69 /* Build configuration list for PBXNativeTarget "Hello WorldTests" */ = {
			isa = XCConfigurationList;
			buildConfigurations = (
				913376F321CD6F8000A67D69 /* Debug */,
				913376F421CD6F8000A67D69 /* Release */,
			);
			defaultConfigurationIsVisible = 0;
			defaultConfigurationName = Release;
		};
		913376F521CD6F8000A67D69 /* Build configuration list for PBXNativeTarget "Hello WorldUITests" */ = {
			isa = XCConfigurationList;
			buildConfigurations = (
				913376F621CD6F8000A67D69 /* Debug */,
				913376F721CD6F8000A67D69 /* Release */,
			);
			defaultConfigurationIsVisible = 0;
			defaultConfigurationName = Release;
		};
/* End XCConfigurationList section */
	};
	rootObject = 913376BF21CD6F7D00A67D69 /* Project object */;
}
